
Microsoft Visual Studio Solution File, Format Version 12.00
# Visual Studio 15
VisualStudioVersion = 15.0.33529.398
MinimumVisualStudioVersion = 10.0.40219.1
Project("{FAE04EC0-301F-11D3-BF4B-00C04F79EFBC}") = "CalculMultiple", "CalculMultiple\CalculMultiple.csproj", "{087BC0A1-EDAB-43FF-B4ED-65DE35B530D2}"
EndProject
Project("{FAE04EC0-301F-11D3-BF4B-00C04F79EFBC}") = "test_CalculMultiple", "test_CalculMultiple\test_CalculMultiple.csproj", "{86F87370-11AB-4876-8824-07EEF98A3C1B}"
EndProject
Global
	GlobalSection(SolutionConfigurationPlatforms) = preSolution
		Debug|Any CPU = Debug|Any CPU
		Release|Any CPU = Release|Any CPU
	EndGlobalSection
	GlobalSection(ProjectConfigurationPlatforms) = postSolution
		{087BC0A1-EDAB-43FF-B4ED-65DE35B530D2}.Debug|Any CPU.ActiveCfg = Debug|Any CPU
		{087BC0A1-EDAB-43FF-B4ED-65DE35B530D2}.Debug|Any CPU.Build.0 = Debug|Any CPU
		{087BC0A1-EDAB-43FF-B4ED-65DE35B530D2}.Release|Any CPU.ActiveCfg = Release|Any CPU
		{087BC0A1-EDAB-43FF-B4ED-65DE35B530D2}.Release|Any CPU.Build.0 = Release|Any CPU
		{86F87370-11AB-4876-8824-07EEF98A3C1B}.Debug|Any CPU.ActiveCfg = Debug|Any CPU
		{86F87370-11AB-4876-8824-07EEF98A3C1B}.Debug|Any CPU.Build.0 = Debug|Any CPU
		{86F87370-11AB-4876-8824-07EEF98A3C1B}.Release|Any CPU.ActiveCfg = Release|Any CPU
		{86F87370-11AB-4876-8824-07EEF98A3C1B}.Release|Any CPU.Build.0 = Release|Any CPU
	EndGlobalSection
	GlobalSection(SolutionProperties) = preSolution
		HideSolutionNode = FALSE
	EndGlobalSection
	GlobalSection(ExtensibilityGlobals) = postSolution
		SolutionGuid = {769222F2-3B0C-4BAC-81B1-8BB357E167E6}
	EndGlobalSection
EndGlobal
